
Microsoft Visual Studio Solution File, Format Version 12.00
# Visual Studio Version 17
VisualStudioVersion = 17.13.35931.197 d17.13
MinimumVisualStudioVersion = 10.0.40219.1
Project("{FAE04EC0-301F-11D3-BF4B-00C04F79EFBC}") = "Test01", "Test01\Test01.csproj", "{D5BECA17-D49F-4027-92E1-BE28DE2338C0}"
EndProject
Project("{FAE04EC0-301F-11D3-BF4B-00C04F79EFBC}") = "Test02", "TEST02\Test02.csproj", "{987A108C-7E9A-47F3-99A5-4F3850B8AFB0}"
EndProject
Project("{FAE04EC0-301F-11D3-BF4B-00C04F79EFBC}") = "Test03", "Test03\Test03.csproj", "{1C92050B-B4E1-4566-8662-E3B5D6DF5842}"
EndProject
Project("{FAE04EC0-301F-11D3-BF4B-00C04F79EFBC}") = "Test04", "Test04\Test04.csproj", "{8CC61817-ADA8-4ACF-BEB5-124C5A05F1E4}"
EndProject
Project("{FAE04EC0-301F-11D3-BF4B-00C04F79EFBC}") = "Test05", "Test05\Test05.csproj", "{68F5D1FF-358A-4C39-906C-78422DB7BD0E}"
EndProject
Global
	GlobalSection(SolutionConfigurationPlatforms) = preSolution
		Debug|Any CPU = Debug|Any CPU
		Release|Any CPU = Release|Any CPU
	EndGlobalSection
	GlobalSection(ProjectConfigurationPlatforms) = postSolution
		{D5BECA17-D49F-4027-92E1-BE28DE2338C0}.Debug|Any CPU.ActiveCfg = Debug|Any CPU
		{D5BECA17-D49F-4027-92E1-BE28DE2338C0}.Debug|Any CPU.Build.0 = Debug|Any CPU
		{D5BECA17-D49F-4027-92E1-BE28DE2338C0}.Release|Any CPU.ActiveCfg = Release|Any CPU
		{D5BECA17-D49F-4027-92E1-BE28DE2338C0}.Release|Any CPU.Build.0 = Release|Any CPU
		{987A108C-7E9A-47F3-99A5-4F3850B8AFB0}.Debug|Any CPU.ActiveCfg = Debug|Any CPU
		{987A108C-7E9A-47F3-99A5-4F3850B8AFB0}.Debug|Any CPU.Build.0 = Debug|Any CPU
		{987A108C-7E9A-47F3-99A5-4F3850B8AFB0}.Release|Any CPU.ActiveCfg = Release|Any CPU
		{987A108C-7E9A-47F3-99A5-4F3850B8AFB0}.Release|Any CPU.Build.0 = Release|Any CPU
		{1C92050B-B4E1-4566-8662-E3B5D6DF5842}.Debug|Any CPU.ActiveCfg = Debug|Any CPU
		{1C92050B-B4E1-4566-8662-E3B5D6DF5842}.Debug|Any CPU.Build.0 = Debug|Any CPU
		{1C92050B-B4E1-4566-8662-E3B5D6DF5842}.Release|Any CPU.ActiveCfg = Release|Any CPU
		{1C92050B-B4E1-4566-8662-E3B5D6DF5842}.Release|Any CPU.Build.0 = Release|Any CPU
		{8CC61817-ADA8-4ACF-BEB5-124C5A05F1E4}.Debug|Any CPU.ActiveCfg = Debug|Any CPU
		{8CC61817-ADA8-4ACF-BEB5-124C5A05F1E4}.Debug|Any CPU.Build.0 = Debug|Any CPU
		{8CC61817-ADA8-4ACF-BEB5-124C5A05F1E4}.Release|Any CPU.ActiveCfg = Release|Any CPU
		{8CC61817-ADA8-4ACF-BEB5-124C5A05F1E4}.Release|Any CPU.Build.0 = Release|Any CPU
		{68F5D1FF-358A-4C39-906C-78422DB7BD0E}.Debug|Any CPU.ActiveCfg = Debug|Any CPU
		{68F5D1FF-358A-4C39-906C-78422DB7BD0E}.Debug|Any CPU.Build.0 = Debug|Any CPU
		{68F5D1FF-358A-4C39-906C-78422DB7BD0E}.Release|Any CPU.ActiveCfg = Release|Any CPU
		{68F5D1FF-358A-4C39-906C-78422DB7BD0E}.Release|Any CPU.Build.0 = Release|Any CPU
	EndGlobalSection
	GlobalSection(SolutionProperties) = preSolution
		HideSolutionNode = FALSE
	EndGlobalSection
	GlobalSection(ExtensibilityGlobals) = postSolution
		SolutionGuid = {4B04F4C6-FAE3-4072-BFF9-B6A2C2E9A48F}
	EndGlobalSection
EndGlobal
